
Microsoft Visual Studio Solution File, Format Version 12.00
# Visual Studio Version 17
VisualStudioVersion = 17.9.34616.47
MinimumVisualStudioVersion = 10.0.40219.1
Project("{9A19103F-16F7-4668-BE54-9A1E7A4F7556}") = "RaceOchka", "RaceOchka\RaceOchka.csproj", "{0D6F1521-4FFB-4871-B164-FE29CA9154CB}"
EndProject
Project("{8BC9CEB8-8B4A-11D0-8D11-00A0C91BC942}") = "SmallEngine", "SmallEngine\SmallEngine.vcxproj", "{29AE403E-F6C4-4C24-9221-CF5B4DE45903}"
EndProject
Global
	GlobalSection(SolutionConfigurationPlatforms) = preSolution
		Debug|Any CPU = Debug|Any CPU
		Release|Any CPU = Release|Any CPU
	EndGlobalSection
	GlobalSection(ProjectConfigurationPlatforms) = postSolution
		{0D6F1521-4FFB-4871-B164-FE29CA9154CB}.Debug|Any CPU.ActiveCfg = Debug|Any CPU
		{0D6F1521-4FFB-4871-B164-FE29CA9154CB}.Debug|Any CPU.Build.0 = Debug|Any CPU
		{0D6F1521-4FFB-4871-B164-FE29CA9154CB}.Release|Any CPU.ActiveCfg = Release|Any CPU
		{0D6F1521-4FFB-4871-B164-FE29CA9154CB}.Release|Any CPU.Build.0 = Release|Any CPU
		{29AE403E-F6C4-4C24-9221-CF5B4DE45903}.Debug|Any CPU.ActiveCfg = Debug|Win32
		{29AE403E-F6C4-4C24-9221-CF5B4DE45903}.Debug|Any CPU.Build.0 = Debug|Win32
		{29AE403E-F6C4-4C24-9221-CF5B4DE45903}.Release|Any CPU.ActiveCfg = Release|x64
		{29AE403E-F6C4-4C24-9221-CF5B4DE45903}.Release|Any CPU.Build.0 = Release|x64
	EndGlobalSection
	GlobalSection(SolutionProperties) = preSolution
		HideSolutionNode = FALSE
	EndGlobalSection
	GlobalSection(ExtensibilityGlobals) = postSolution
		SolutionGuid = {F24E5FDA-4AEF-448B-BDA8-857F6BCB826B}
	EndGlobalSection
EndGlobal
